
Microsoft Visual Studio Solution File, Format Version 12.00
# Visual Studio Version 17
VisualStudioVersion = 17.9.34902.65
MinimumVisualStudioVersion = 10.0.40219.1
Project("{9A19103F-16F7-4668-BE54-9A1E7A4F7556}") = "DiscordDashboard", "DiscordDashboard\DiscordDashboard.csproj", "{42BD7964-C62F-4406-8122-C9FB902C74C2}"
EndProject
Global
	GlobalSection(SolutionConfigurationPlatforms) = preSolution
		Debug|Any CPU = Debug|Any CPU
		Release|Any CPU = Release|Any CPU
	EndGlobalSection
	GlobalSection(ProjectConfigurationPlatforms) = postSolution
		{42BD7964-C62F-4406-8122-C9FB902C74C2}.Debug|Any CPU.ActiveCfg = Debug|Any CPU
		{42BD7964-C62F-4406-8122-C9FB902C74C2}.Debug|Any CPU.Build.0 = Debug|Any CPU
		{42BD7964-C62F-4406-8122-C9FB902C74C2}.Release|Any CPU.ActiveCfg = Release|Any CPU
		{42BD7964-C62F-4406-8122-C9FB902C74C2}.Release|Any CPU.Build.0 = Release|Any CPU
	EndGlobalSection
	GlobalSection(SolutionProperties) = preSolution
		HideSolutionNode = FALSE
	EndGlobalSection
	GlobalSection(ExtensibilityGlobals) = postSolution
		SolutionGuid = {06074068-B993-4801-9071-BAA895B00312}
	EndGlobalSection
EndGlobal
